
Microsoft Visual Studio Solution File, Format Version 12.00
# Visual Studio Version 16
VisualStudioVersion = 16.0.31005.135
MinimumVisualStudioVersion = 10.0.40219.1
Project("{8BC9CEB8-8B4A-11D0-8D11-00A0C91BC942}") = "S1SipClientExample", "S1SipClientExample\S1SipClientExample.vcxproj", "{AEA4063F-02CE-4448-AA94-75D79D3CCA81}"
EndProject
Global
	GlobalSection(SolutionConfigurationPlatforms) = preSolution
		Debug|x64 = Debug|x64
		Release|x64 = Release|x64
	EndGlobalSection
	GlobalSection(ProjectConfigurationPlatforms) = postSolution
		{AEA4063F-02CE-4448-AA94-75D79D3CCA81}.Debug|x64.ActiveCfg = Debug|x64
		{AEA4063F-02CE-4448-AA94-75D79D3CCA81}.Debug|x64.Build.0 = Debug|x64
		{AEA4063F-02CE-4448-AA94-75D79D3CCA81}.Release|x64.ActiveCfg = Release|x64
		{AEA4063F-02CE-4448-AA94-75D79D3CCA81}.Release|x64.Build.0 = Release|x64
	EndGlobalSection
	GlobalSection(SolutionProperties) = preSolution
		HideSolutionNode = FALSE
	EndGlobalSection
	GlobalSection(ExtensibilityGlobals) = postSolution
		SolutionGuid = {3BE7A3F4-140B-49EC-97FE-62DE02DE7733}
	EndGlobalSection
EndGlobal
